
Microsoft Visual Studio Solution File, Format Version 12.00
# Visual Studio 2013
VisualStudioVersion = 12.0.30723.0
MinimumVisualStudioVersion = 10.0.40219.1
Project("{FAE04EC0-301F-11D3-BF4B-00C04F79EFBC}") = "Chessboard", "Chessboard\Chessboard.csproj", "{E1BE23DF-0261-4CED-8C99-804A15C8C62D}"
EndProject
Global
	GlobalSection(SolutionConfigurationPlatforms) = preSolution
		Debug|x86 = Debug|x86
		Release|x86 = Release|x86
	EndGlobalSection
	GlobalSection(ProjectConfigurationPlatforms) = postSolution
		{E1BE23DF-0261-4CED-8C99-804A15C8C62D}.Debug|x86.ActiveCfg = Debug|x86
		{E1BE23DF-0261-4CED-8C99-804A15C8C62D}.Debug|x86.Build.0 = Debug|x86
		{E1BE23DF-0261-4CED-8C99-804A15C8C62D}.Release|x86.ActiveCfg = Release|x86
		{E1BE23DF-0261-4CED-8C99-804A15C8C62D}.Release|x86.Build.0 = Release|x86
	EndGlobalSection
	GlobalSection(SolutionProperties) = preSolution
		HideSolutionNode = FALSE
	EndGlobalSection
EndGlobal
